{
  "version": 4,
  "terraform_version": "1.3.3",
  "serial": 18,
  "lineage": "a3a7bb11-9fb4-fc66-a284-76f2ad5ff57b",
  "outputs": {},
  "resources": [
    {
      "mode": "managed",
      "type": "google_compute_firewall",
      "name": "ssh-rule",
      "provider": "provider[\"registry.terraform.io/hashicorp/google\"]",
      "instances": [
        {
          "schema_version": 1,
          "attributes": {
            "allow": [
              {
                "ports": [
                  "22"
                ],
                "protocol": "tcp"
              }
            ],
            "creation_timestamp": "2022-10-27T12:14:21.159-07:00",
            "deny": [],
            "description": "",
            "destination_ranges": [],
            "direction": "INGRESS",
            "disabled": false,
            "enable_logging": null,
            "id": "projects/helloworld4522/global/firewalls/allow-ssh",
            "log_config": [],
            "name": "allow-ssh",
            "network": "https://www.googleapis.com/compute/v1/projects/helloworld4522/global/networks/terraform-network",
            "priority": 1000,
            "project": "helloworld4522",
            "self_link": "https://www.googleapis.com/compute/v1/projects/helloworld4522/global/firewalls/allow-ssh",
            "source_ranges": [
              "0.0.0.0/0"
            ],
            "source_service_accounts": [],
            "source_tags": [],
            "target_service_accounts": [],
            "target_tags": [],
            "timeouts": null
          },
          "sensitive_attributes": [],
          "private": "eyJlMmJmYjczMC1lY2FhLTExZTYtOGY4OC0zNDM2M2JjN2M0YzAiOnsiY3JlYXRlIjoyNDAwMDAwMDAwMDAsImRlbGV0ZSI6MjQwMDAwMDAwMDAwLCJ1cGRhdGUiOjI0MDAwMDAwMDAwMH0sInNjaGVtYV92ZXJzaW9uIjoiMSJ9",
          "dependencies": [
            "google_compute_network.vpc_tr_network"
          ]
        }
      ]
    },
    {
      "mode": "managed",
      "type": "google_compute_instance",
      "name": "vm_instance",
      "provider": "provider[\"registry.terraform.io/hashicorp/google\"]",
      "instances": [
        {
          "schema_version": 6,
          "attributes": {
            "advanced_machine_features": [],
            "allow_stopping_for_update": false,
            "attached_disk": [],
            "boot_disk": [
              {
                "auto_delete": true,
                "device_name": "persistent-disk-0",
                "disk_encryption_key_raw": "",
                "disk_encryption_key_sha256": "",
                "initialize_params": [
                  {
                    "image": "https://www.googleapis.com/compute/v1/projects/ubuntu-os-pro-cloud/global/images/ubuntu-pro-2004-focal-v20221018",
                    "labels": {},
                    "size": 10,
                    "type": "pd-standard"
                  }
                ],
                "kms_key_self_link": "",
                "mode": "READ_WRITE",
                "source": "https://www.googleapis.com/compute/v1/projects/helloworld4522/zones/asia-southeast1-b/disks/terraform-instance"
              }
            ],
            "can_ip_forward": false,
            "confidential_instance_config": [],
            "cpu_platform": "Intel Broadwell",
            "current_status": "RUNNING",
            "deletion_protection": false,
            "description": "",
            "desired_status": null,
            "enable_display": false,
            "guest_accelerator": [],
            "hostname": "",
            "id": "projects/helloworld4522/zones/asia-southeast1-b/instances/terraform-instance",
            "instance_id": "3437132282861147582",
            "label_fingerprint": "42WmSpB8rSM=",
            "labels": null,
            "machine_type": "f1-micro",
            "metadata": null,
            "metadata_fingerprint": "JiU_dQCKZpk=",
            "metadata_startup_script": "# Install Docker\n## Update the apt package index and install packages to allow apt to use a repository over HTTPS\nsudo apt update\nsudo apt install apt-transport-https ca-certificates curl software-properties-common\n\n## Add Docker’s official GPG key\ncurl -fsSL https://download.docker.com/linux/ubuntu/gpg | sudo apt-key add - \n\n## The following command is to set up the stable repository\nsudo add-apt-repository \"deb [arch=amd64] https://download.docker.com/linux/ubuntu `lsb_release -cs` stable\" \n\n## Update the apt package index, and install the latest version of Docker Engine and containerd, or go to the next step to install a specific version\nsudo apt update \nsudo apt install -y docker-ce\n\n# =======================\n# Load .env\n# export $(grep -v '^#' .env | xargs -d '\\n')\nexport ENV=dev\n\n# =======================\n# Run validator\n# ## Login to AWS\n# aws ecr get-login-password --region ap-southeast-1 | docker login --username AWS --password-stdin 657460323073.dkr.ecr.region.amazonaws.com\n\n# ## Pull image\n# docker pull 657460323073.dkr.ecr.ap-southeast-1.amazonaws.com/spike-inu/indexer:b275ea17ce9ba84ec9923630531e6bafc2b6719e\n\n# ## Run container\n# docker run --env-file .env -d \\\n#     -p 80:1234\n#     657460323073.dkr.ecr.ap-southeast-1.amazonaws.com/spike-inu/indexer:b275ea17ce9ba84ec9923630531e6bafc2b6719e\n# docker login -u _json_key --password-stdin https://gcr.io \u003c account.json\n",
            "min_cpu_platform": "",
            "name": "terraform-instance",
            "network_interface": [
              {
                "access_config": [],
                "alias_ip_range": [],
                "ipv6_access_config": [],
                "ipv6_access_type": "",
                "name": "nic0",
                "network": "https://www.googleapis.com/compute/v1/projects/helloworld4522/global/networks/terraform-network",
                "network_ip": "10.148.0.5",
                "nic_type": "",
                "stack_type": "IPV4_ONLY",
                "subnetwork": "https://www.googleapis.com/compute/v1/projects/helloworld4522/regions/asia-southeast1/subnetworks/terraform-network",
                "subnetwork_project": "helloworld4522"
              }
            ],
            "project": "helloworld4522",
            "reservation_affinity": [],
            "resource_policies": null,
            "scheduling": [
              {
                "automatic_restart": true,
                "min_node_cpus": 0,
                "node_affinities": [],
                "on_host_maintenance": "MIGRATE",
                "preemptible": false
              }
            ],
            "scratch_disk": [],
            "self_link": "https://www.googleapis.com/compute/v1/projects/helloworld4522/zones/asia-southeast1-b/instances/terraform-instance",
            "service_account": [],
            "shielded_instance_config": [
              {
                "enable_integrity_monitoring": true,
                "enable_secure_boot": false,
                "enable_vtpm": true
              }
            ],
            "tags": null,
            "tags_fingerprint": "42WmSpB8rSM=",
            "timeouts": null,
            "zone": "asia-southeast1-b"
          },
          "sensitive_attributes": [],
          "private": "eyJlMmJmYjczMC1lY2FhLTExZTYtOGY4OC0zNDM2M2JjN2M0YzAiOnsiY3JlYXRlIjoxMjAwMDAwMDAwMDAwLCJkZWxldGUiOjEyMDAwMDAwMDAwMDAsInVwZGF0ZSI6MTIwMDAwMDAwMDAwMH0sInNjaGVtYV92ZXJzaW9uIjoiNiJ9",
          "dependencies": [
            "google_compute_network.vpc_tr_network"
          ]
        }
      ]
    },
    {
      "mode": "managed",
      "type": "google_compute_network",
      "name": "vpc_tr_network",
      "provider": "provider[\"registry.terraform.io/hashicorp/google\"]",
      "instances": [
        {
          "schema_version": 0,
          "attributes": {
            "auto_create_subnetworks": true,
            "delete_default_routes_on_create": false,
            "description": "",
            "gateway_ipv4": "",
            "id": "projects/helloworld4522/global/networks/terraform-network",
            "mtu": 0,
            "name": "terraform-network",
            "project": "helloworld4522",
            "routing_mode": "REGIONAL",
            "self_link": "https://www.googleapis.com/compute/v1/projects/helloworld4522/global/networks/terraform-network",
            "timeouts": null
          },
          "sensitive_attributes": [],
          "private": "eyJlMmJmYjczMC1lY2FhLTExZTYtOGY4OC0zNDM2M2JjN2M0YzAiOnsiY3JlYXRlIjoyNDAwMDAwMDAwMDAsImRlbGV0ZSI6MjQwMDAwMDAwMDAwLCJ1cGRhdGUiOjI0MDAwMDAwMDAwMH19"
        }
      ]
    }
  ],
  "check_results": []
}
